{
  "name": "ffmpeg-run-utils",
  "version": "0.0.1",
  "lockfileVersion": 1,
  "requires": true,
  "dependencies": {
    "async-wait-until": {
      "version": "1.2.4",
      "resolved": "https://registry.npmjs.org/async-wait-until/-/async-wait-until-1.2.4.tgz",
      "integrity": "sha512-H7ZR3cu1THxrJiDgevu+PgbyT0o5P/9nsCZj70ckruJCMWt/UOQmGo65wKWvEQN69MJk140x5/Z01ZQjzfwyOw=="
    },
    "split-string": {
      "version": "6.0.0",
      "resolved": "https://registry.npmjs.org/split-string/-/split-string-6.0.0.tgz",
      "integrity": "sha512-a+7NZ4oXyH02emLyo1/15L1IkGfM0rJegxl6TsJS9MCDaYBVy+ySnfUW+wKxP8xo1WPmgLo5S45+025IP6FkOw=="
    }
  }
}
